{
  "object": {
    "pins": [
      {
        "package": "HTML",
        "repositoryURL": "https://github.com/robb/Swim.git",
        "state": {
          "branch": "main",
          "revision": "e9f4c9975cc834e712e6b39f7bf57ef8e9cd80cd",
          "version": null
        }
      }
    ]
  },
  "version": 1
}
